
Microsoft Visual Studio Solution File, Format Version 12.00
Project("{FAE04EC0-301F-11D3-BF4B-00C04F79EFBC}") = "LinguaPoint.Api", "src\Api\LinguaPoint.Api\LinguaPoint.Api.csproj", "{59B4D08B-E4FC-48FC-8BE2-6C3D017C3AC2}"
EndProject
Project("{2150E333-8FDC-42A3-9474-1A3956D46DE8}") = "Api", "Api", "{294F0EF6-B0AE-4F55-9003-6366CC605963}"
EndProject
Project("{2150E333-8FDC-42A3-9474-1A3956D46DE8}") = "Orders", "Orders", "{8845CC86-5BD5-45B7-8B45-B97EBDAD0DB4}"
EndProject
Project("{2150E333-8FDC-42A3-9474-1A3956D46DE8}") = "Translations", "Translations", "{7A45EF42-5475-4728-8CBC-B7C2A5C2B04D}"
EndProject
Project("{2150E333-8FDC-42A3-9474-1A3956D46DE8}") = "Users", "Users", "{47A84269-9061-4ADB-B7C1-F174D36EE54A}"
EndProject
Project("{2150E333-8FDC-42A3-9474-1A3956D46DE8}") = "Payments", "Payments", "{CA9D7F31-8326-4415-8260-38AFB0CAB5EC}"
	ProjectSection(SolutionItems) = preProject
		src\Payments\LinguaPoint.Payments.Core\LinguaPoint.Payments.Core.csproj = src\Payments\LinguaPoint.Payments.Core\LinguaPoint.Payments.Core.csproj
	EndProjectSection
EndProject
Project("{FAE04EC0-301F-11D3-BF4B-00C04F79EFBC}") = "LinguaPoint.Translations.Api", "src\Translations\LinguaPoint.Translations.Api\LinguaPoint.Translations.Api.csproj", "{39681F00-8DF1-4091-B609-FD03CE934CFA}"
EndProject
Project("{FAE04EC0-301F-11D3-BF4B-00C04F79EFBC}") = "LinguaPoint.Translations.Application", "src\Translations\LinguaPoint.Translations.Application\LinguaPoint.Translations.Application.csproj", "{AC3D4E77-0139-4D72-AA18-CCFB88356435}"
EndProject
Project("{FAE04EC0-301F-11D3-BF4B-00C04F79EFBC}") = "LinguaPoint.Translations.Domain", "src\Translations\LinguaPoint.Translations.Domain\LinguaPoint.Translations.Domain.csproj", "{B070D4A0-86B2-4984-BA5A-86268BB33255}"
EndProject
Project("{FAE04EC0-301F-11D3-BF4B-00C04F79EFBC}") = "LinguaPoint.Translations.Infrastructure", "src\Translations\LinguaPoint.Translations.Infrastructure\LinguaPoint.Translations.Infrastructure.csproj", "{1F847D3E-0701-42C7-889F-90612AD70E9B}"
EndProject
Project("{FAE04EC0-301F-11D3-BF4B-00C04F79EFBC}") = "LinguaPoint.Translations.Shared", "src\Translations\LinguaPoint.Translations.Shared\LinguaPoint.Translations.Shared.csproj", "{AB052E33-5798-439F-88A6-06DEF3D2CB63}"
EndProject
Project("{2150E333-8FDC-42A3-9474-1A3956D46DE8}") = "Modules", "Modules", "{DA78CA52-F074-49E5-BCCE-2D7C5CA4990C}"
EndProject
Project("{2150E333-8FDC-42A3-9474-1A3956D46DE8}") = "Shared", "Shared", "{70AA63A3-2BC1-46C3-9FCB-7A56D68836B1}"
EndProject
Project("{2150E333-8FDC-42A3-9474-1A3956D46DE8}") = "Marketplace", "Marketplace", "{62870338-C5B7-442A-9B2E-204F5BD06240}"
EndProject
Project("{2150E333-8FDC-42A3-9474-1A3956D46DE8}") = "Reviews", "Reviews", "{2E84FA91-5D77-44EE-BA1D-7F09EBCF5417}"
EndProject
Project("{FAE04EC0-301F-11D3-BF4B-00C04F79EFBC}") = "LinguaPoint.Shared.Types", "src\Shared\LinguaPoint.Shared.Types\LinguaPoint.Shared.Types.csproj", "{45655979-5A50-4E75-B8A3-E11934063B0B}"
EndProject
Project("{FAE04EC0-301F-11D3-BF4B-00C04F79EFBC}") = "LinguaPoint.Marketplace.Domain", "src\Marketplace\LinguaPoint.Marketplace.Domain\LinguaPoint.Marketplace.Domain.csproj", "{995B3933-B6CF-49F1-857A-3495AA1161FD}"
EndProject
Project("{FAE04EC0-301F-11D3-BF4B-00C04F79EFBC}") = "LinguaPoint.Marketplace.Application", "src\Marketplace\LinguaPoint.Marketplace.Application\LinguaPoint.Marketplace.Application.csproj", "{013F828D-D680-4B8E-B1AE-CD521AD531BC}"
EndProject
Project("{FAE04EC0-301F-11D3-BF4B-00C04F79EFBC}") = "LinguaPoint.Marketplace.Infrastructure", "src\Marketplace\LinguaPoint.Marketplace.Infrastructure\LinguaPoint.Marketplace.Infrastructure.csproj", "{11D8A610-572E-4C4E-A75B-F10EAAEE2765}"
EndProject
Project("{FAE04EC0-301F-11D3-BF4B-00C04F79EFBC}") = "LinguaPoint.Marketplace.Api", "src\Marketplace\LinguaPoint.Marketplace.Api\LinguaPoint.Marketplace.Api.csproj", "{F57629EC-30EC-4E31-863E-D6F5A5E17B22}"
EndProject
Project("{FAE04EC0-301F-11D3-BF4B-00C04F79EFBC}") = "LinguaPoint.Orders.Infrastructure", "src\Orders\LinguaPoint.Orders.Infrastructure\LinguaPoint.Orders.Infrastructure.csproj", "{AC0F66B6-34A2-49D1-A2EE-985375A3C09E}"
EndProject
Project("{FAE04EC0-301F-11D3-BF4B-00C04F79EFBC}") = "LinguaPoint.Orders.Domain", "src\Orders\LinguaPoint.Orders.Domain\LinguaPoint.Orders.Domain.csproj", "{6D9AD0C5-8A23-416F-B4DA-9C2249F53EAB}"
EndProject
Project("{FAE04EC0-301F-11D3-BF4B-00C04F79EFBC}") = "LinguaPoint.Orders.Application", "src\Orders\LinguaPoint.Orders.Application\LinguaPoint.Orders.Application.csproj", "{277089F4-8CE0-48E4-BA53-AB1327DBF67D}"
EndProject
Project("{FAE04EC0-301F-11D3-BF4B-00C04F79EFBC}") = "LinguaPoint.Orders.Api", "src\Orders\LinguaPoint.Orders.Api\LinguaPoint.Orders.Api.csproj", "{4993F8FF-0136-4C82-ACA4-954A8B712144}"
EndProject
Project("{FAE04EC0-301F-11D3-BF4B-00C04F79EFBC}") = "LinguaPoint.Payments.Api", "src\Payments\LinguaPoint.Payments.Api\LinguaPoint.Payments.Api.csproj", "{40460DF1-DC6A-44B5-8362-1463AB85F71F}"
EndProject
Project("{FAE04EC0-301F-11D3-BF4B-00C04F79EFBC}") = "LinguaPoint.Reviews.Core", "src\Reviews\LinguaPoint.Reviews.Core\LinguaPoint.Reviews.Core.csproj", "{7AA5695E-9DB9-4770-AEEF-EA8AB2A0CA34}"
EndProject
Project("{FAE04EC0-301F-11D3-BF4B-00C04F79EFBC}") = "LinguaPoint.Reviews.Api", "src\Reviews\LinguaPoint.Reviews.Api\LinguaPoint.Reviews.Api.csproj", "{C8C6D74B-FDF9-4E08-9261-74C32B510C23}"
EndProject
Project("{FAE04EC0-301F-11D3-BF4B-00C04F79EFBC}") = "LinguaPoint.Users.Core", "src\Users\LinguaPoint.Users.Core\LinguaPoint.Users.Core.csproj", "{D73786FE-69D0-4B49-8508-054B6F4BC793}"
EndProject
Project("{FAE04EC0-301F-11D3-BF4B-00C04F79EFBC}") = "LinguaPoint.Users.Api", "src\Users\LinguaPoint.Users.Api\LinguaPoint.Users.Api.csproj", "{AD3CD185-7A72-42CC-BAC9-979E7805036C}"
EndProject
Project("{FAE04EC0-301F-11D3-BF4B-00C04F79EFBC}") = "LinguaPoint.Shared", "src\Shared\LinguaPoint.Shared\LinguaPoint.Shared.csproj", "{DF09C099-5557-42D2-B58E-BF1DF600A498}"
EndProject
Project("{FAE04EC0-301F-11D3-BF4B-00C04F79EFBC}") = "LinguaPoint.Users.Infrastructure", "LinguaPoint.Users.Infrastructure\LinguaPoint.Users.Infrastructure.csproj", "{03333129-28DE-4A77-8B38-6EF5A2C7ED35}"
EndProject
Global
	GlobalSection(SolutionConfigurationPlatforms) = preSolution
		Debug|Any CPU = Debug|Any CPU
		Release|Any CPU = Release|Any CPU
	EndGlobalSection
	GlobalSection(ProjectConfigurationPlatforms) = postSolution
		{59B4D08B-E4FC-48FC-8BE2-6C3D017C3AC2}.Debug|Any CPU.ActiveCfg = Debug|Any CPU
		{59B4D08B-E4FC-48FC-8BE2-6C3D017C3AC2}.Debug|Any CPU.Build.0 = Debug|Any CPU
		{59B4D08B-E4FC-48FC-8BE2-6C3D017C3AC2}.Release|Any CPU.ActiveCfg = Release|Any CPU
		{59B4D08B-E4FC-48FC-8BE2-6C3D017C3AC2}.Release|Any CPU.Build.0 = Release|Any CPU
		{39681F00-8DF1-4091-B609-FD03CE934CFA}.Debug|Any CPU.ActiveCfg = Debug|Any CPU
		{39681F00-8DF1-4091-B609-FD03CE934CFA}.Debug|Any CPU.Build.0 = Debug|Any CPU
		{39681F00-8DF1-4091-B609-FD03CE934CFA}.Release|Any CPU.ActiveCfg = Release|Any CPU
		{39681F00-8DF1-4091-B609-FD03CE934CFA}.Release|Any CPU.Build.0 = Release|Any CPU
		{AC3D4E77-0139-4D72-AA18-CCFB88356435}.Debug|Any CPU.ActiveCfg = Debug|Any CPU
		{AC3D4E77-0139-4D72-AA18-CCFB88356435}.Debug|Any CPU.Build.0 = Debug|Any CPU
		{AC3D4E77-0139-4D72-AA18-CCFB88356435}.Release|Any CPU.ActiveCfg = Release|Any CPU
		{AC3D4E77-0139-4D72-AA18-CCFB88356435}.Release|Any CPU.Build.0 = Release|Any CPU
		{B070D4A0-86B2-4984-BA5A-86268BB33255}.Debug|Any CPU.ActiveCfg = Debug|Any CPU
		{B070D4A0-86B2-4984-BA5A-86268BB33255}.Debug|Any CPU.Build.0 = Debug|Any CPU
		{B070D4A0-86B2-4984-BA5A-86268BB33255}.Release|Any CPU.ActiveCfg = Release|Any CPU
		{B070D4A0-86B2-4984-BA5A-86268BB33255}.Release|Any CPU.Build.0 = Release|Any CPU
		{1F847D3E-0701-42C7-889F-90612AD70E9B}.Debug|Any CPU.ActiveCfg = Debug|Any CPU
		{1F847D3E-0701-42C7-889F-90612AD70E9B}.Debug|Any CPU.Build.0 = Debug|Any CPU
		{1F847D3E-0701-42C7-889F-90612AD70E9B}.Release|Any CPU.ActiveCfg = Release|Any CPU
		{1F847D3E-0701-42C7-889F-90612AD70E9B}.Release|Any CPU.Build.0 = Release|Any CPU
		{AB052E33-5798-439F-88A6-06DEF3D2CB63}.Debug|Any CPU.ActiveCfg = Debug|Any CPU
		{AB052E33-5798-439F-88A6-06DEF3D2CB63}.Debug|Any CPU.Build.0 = Debug|Any CPU
		{AB052E33-5798-439F-88A6-06DEF3D2CB63}.Release|Any CPU.ActiveCfg = Release|Any CPU
		{AB052E33-5798-439F-88A6-06DEF3D2CB63}.Release|Any CPU.Build.0 = Release|Any CPU
		{45655979-5A50-4E75-B8A3-E11934063B0B}.Debug|Any CPU.ActiveCfg = Debug|Any CPU
		{45655979-5A50-4E75-B8A3-E11934063B0B}.Debug|Any CPU.Build.0 = Debug|Any CPU
		{45655979-5A50-4E75-B8A3-E11934063B0B}.Release|Any CPU.ActiveCfg = Release|Any CPU
		{45655979-5A50-4E75-B8A3-E11934063B0B}.Release|Any CPU.Build.0 = Release|Any CPU
		{995B3933-B6CF-49F1-857A-3495AA1161FD}.Debug|Any CPU.ActiveCfg = Debug|Any CPU
		{995B3933-B6CF-49F1-857A-3495AA1161FD}.Debug|Any CPU.Build.0 = Debug|Any CPU
		{995B3933-B6CF-49F1-857A-3495AA1161FD}.Release|Any CPU.ActiveCfg = Release|Any CPU
		{995B3933-B6CF-49F1-857A-3495AA1161FD}.Release|Any CPU.Build.0 = Release|Any CPU
		{013F828D-D680-4B8E-B1AE-CD521AD531BC}.Debug|Any CPU.ActiveCfg = Debug|Any CPU
		{013F828D-D680-4B8E-B1AE-CD521AD531BC}.Debug|Any CPU.Build.0 = Debug|Any CPU
		{013F828D-D680-4B8E-B1AE-CD521AD531BC}.Release|Any CPU.ActiveCfg = Release|Any CPU
		{013F828D-D680-4B8E-B1AE-CD521AD531BC}.Release|Any CPU.Build.0 = Release|Any CPU
		{11D8A610-572E-4C4E-A75B-F10EAAEE2765}.Debug|Any CPU.ActiveCfg = Debug|Any CPU
		{11D8A610-572E-4C4E-A75B-F10EAAEE2765}.Debug|Any CPU.Build.0 = Debug|Any CPU
		{11D8A610-572E-4C4E-A75B-F10EAAEE2765}.Release|Any CPU.ActiveCfg = Release|Any CPU
		{11D8A610-572E-4C4E-A75B-F10EAAEE2765}.Release|Any CPU.Build.0 = Release|Any CPU
		{F57629EC-30EC-4E31-863E-D6F5A5E17B22}.Debug|Any CPU.ActiveCfg = Debug|Any CPU
		{F57629EC-30EC-4E31-863E-D6F5A5E17B22}.Debug|Any CPU.Build.0 = Debug|Any CPU
		{F57629EC-30EC-4E31-863E-D6F5A5E17B22}.Release|Any CPU.ActiveCfg = Release|Any CPU
		{F57629EC-30EC-4E31-863E-D6F5A5E17B22}.Release|Any CPU.Build.0 = Release|Any CPU
		{AC0F66B6-34A2-49D1-A2EE-985375A3C09E}.Debug|Any CPU.ActiveCfg = Debug|Any CPU
		{AC0F66B6-34A2-49D1-A2EE-985375A3C09E}.Debug|Any CPU.Build.0 = Debug|Any CPU
		{AC0F66B6-34A2-49D1-A2EE-985375A3C09E}.Release|Any CPU.ActiveCfg = Release|Any CPU
		{AC0F66B6-34A2-49D1-A2EE-985375A3C09E}.Release|Any CPU.Build.0 = Release|Any CPU
		{6D9AD0C5-8A23-416F-B4DA-9C2249F53EAB}.Debug|Any CPU.ActiveCfg = Debug|Any CPU
		{6D9AD0C5-8A23-416F-B4DA-9C2249F53EAB}.Debug|Any CPU.Build.0 = Debug|Any CPU
		{6D9AD0C5-8A23-416F-B4DA-9C2249F53EAB}.Release|Any CPU.ActiveCfg = Release|Any CPU
		{6D9AD0C5-8A23-416F-B4DA-9C2249F53EAB}.Release|Any CPU.Build.0 = Release|Any CPU
		{277089F4-8CE0-48E4-BA53-AB1327DBF67D}.Debug|Any CPU.ActiveCfg = Debug|Any CPU
		{277089F4-8CE0-48E4-BA53-AB1327DBF67D}.Debug|Any CPU.Build.0 = Debug|Any CPU
		{277089F4-8CE0-48E4-BA53-AB1327DBF67D}.Release|Any CPU.ActiveCfg = Release|Any CPU
		{277089F4-8CE0-48E4-BA53-AB1327DBF67D}.Release|Any CPU.Build.0 = Release|Any CPU
		{4993F8FF-0136-4C82-ACA4-954A8B712144}.Debug|Any CPU.ActiveCfg = Debug|Any CPU
		{4993F8FF-0136-4C82-ACA4-954A8B712144}.Debug|Any CPU.Build.0 = Debug|Any CPU
		{4993F8FF-0136-4C82-ACA4-954A8B712144}.Release|Any CPU.ActiveCfg = Release|Any CPU
		{4993F8FF-0136-4C82-ACA4-954A8B712144}.Release|Any CPU.Build.0 = Release|Any CPU
		{40460DF1-DC6A-44B5-8362-1463AB85F71F}.Debug|Any CPU.ActiveCfg = Debug|Any CPU
		{40460DF1-DC6A-44B5-8362-1463AB85F71F}.Debug|Any CPU.Build.0 = Debug|Any CPU
		{40460DF1-DC6A-44B5-8362-1463AB85F71F}.Release|Any CPU.ActiveCfg = Release|Any CPU
		{40460DF1-DC6A-44B5-8362-1463AB85F71F}.Release|Any CPU.Build.0 = Release|Any CPU
		{7AA5695E-9DB9-4770-AEEF-EA8AB2A0CA34}.Debug|Any CPU.ActiveCfg = Debug|Any CPU
		{7AA5695E-9DB9-4770-AEEF-EA8AB2A0CA34}.Debug|Any CPU.Build.0 = Debug|Any CPU
		{7AA5695E-9DB9-4770-AEEF-EA8AB2A0CA34}.Release|Any CPU.ActiveCfg = Release|Any CPU
		{7AA5695E-9DB9-4770-AEEF-EA8AB2A0CA34}.Release|Any CPU.Build.0 = Release|Any CPU
		{C8C6D74B-FDF9-4E08-9261-74C32B510C23}.Debug|Any CPU.ActiveCfg = Debug|Any CPU
		{C8C6D74B-FDF9-4E08-9261-74C32B510C23}.Debug|Any CPU.Build.0 = Debug|Any CPU
		{C8C6D74B-FDF9-4E08-9261-74C32B510C23}.Release|Any CPU.ActiveCfg = Release|Any CPU
		{C8C6D74B-FDF9-4E08-9261-74C32B510C23}.Release|Any CPU.Build.0 = Release|Any CPU
		{D73786FE-69D0-4B49-8508-054B6F4BC793}.Debug|Any CPU.ActiveCfg = Debug|Any CPU
		{D73786FE-69D0-4B49-8508-054B6F4BC793}.Debug|Any CPU.Build.0 = Debug|Any CPU
		{D73786FE-69D0-4B49-8508-054B6F4BC793}.Release|Any CPU.ActiveCfg = Release|Any CPU
		{D73786FE-69D0-4B49-8508-054B6F4BC793}.Release|Any CPU.Build.0 = Release|Any CPU
		{AD3CD185-7A72-42CC-BAC9-979E7805036C}.Debug|Any CPU.ActiveCfg = Debug|Any CPU
		{AD3CD185-7A72-42CC-BAC9-979E7805036C}.Debug|Any CPU.Build.0 = Debug|Any CPU
		{AD3CD185-7A72-42CC-BAC9-979E7805036C}.Release|Any CPU.ActiveCfg = Release|Any CPU
		{AD3CD185-7A72-42CC-BAC9-979E7805036C}.Release|Any CPU.Build.0 = Release|Any CPU
		{DF09C099-5557-42D2-B58E-BF1DF600A498}.Debug|Any CPU.ActiveCfg = Debug|Any CPU
		{DF09C099-5557-42D2-B58E-BF1DF600A498}.Debug|Any CPU.Build.0 = Debug|Any CPU
		{DF09C099-5557-42D2-B58E-BF1DF600A498}.Release|Any CPU.ActiveCfg = Release|Any CPU
		{DF09C099-5557-42D2-B58E-BF1DF600A498}.Release|Any CPU.Build.0 = Release|Any CPU
		{03333129-28DE-4A77-8B38-6EF5A2C7ED35}.Debug|Any CPU.ActiveCfg = Debug|Any CPU
		{03333129-28DE-4A77-8B38-6EF5A2C7ED35}.Debug|Any CPU.Build.0 = Debug|Any CPU
		{03333129-28DE-4A77-8B38-6EF5A2C7ED35}.Release|Any CPU.ActiveCfg = Release|Any CPU
		{03333129-28DE-4A77-8B38-6EF5A2C7ED35}.Release|Any CPU.Build.0 = Release|Any CPU
	EndGlobalSection
	GlobalSection(NestedProjects) = preSolution
		{59B4D08B-E4FC-48FC-8BE2-6C3D017C3AC2} = {294F0EF6-B0AE-4F55-9003-6366CC605963}
		{39681F00-8DF1-4091-B609-FD03CE934CFA} = {7A45EF42-5475-4728-8CBC-B7C2A5C2B04D}
		{AC3D4E77-0139-4D72-AA18-CCFB88356435} = {7A45EF42-5475-4728-8CBC-B7C2A5C2B04D}
		{B070D4A0-86B2-4984-BA5A-86268BB33255} = {7A45EF42-5475-4728-8CBC-B7C2A5C2B04D}
		{1F847D3E-0701-42C7-889F-90612AD70E9B} = {7A45EF42-5475-4728-8CBC-B7C2A5C2B04D}
		{AB052E33-5798-439F-88A6-06DEF3D2CB63} = {7A45EF42-5475-4728-8CBC-B7C2A5C2B04D}
		{8845CC86-5BD5-45B7-8B45-B97EBDAD0DB4} = {DA78CA52-F074-49E5-BCCE-2D7C5CA4990C}
		{CA9D7F31-8326-4415-8260-38AFB0CAB5EC} = {DA78CA52-F074-49E5-BCCE-2D7C5CA4990C}
		{7A45EF42-5475-4728-8CBC-B7C2A5C2B04D} = {DA78CA52-F074-49E5-BCCE-2D7C5CA4990C}
		{47A84269-9061-4ADB-B7C1-F174D36EE54A} = {DA78CA52-F074-49E5-BCCE-2D7C5CA4990C}
		{62870338-C5B7-442A-9B2E-204F5BD06240} = {DA78CA52-F074-49E5-BCCE-2D7C5CA4990C}
		{2E84FA91-5D77-44EE-BA1D-7F09EBCF5417} = {DA78CA52-F074-49E5-BCCE-2D7C5CA4990C}
		{45655979-5A50-4E75-B8A3-E11934063B0B} = {70AA63A3-2BC1-46C3-9FCB-7A56D68836B1}
		{995B3933-B6CF-49F1-857A-3495AA1161FD} = {62870338-C5B7-442A-9B2E-204F5BD06240}
		{013F828D-D680-4B8E-B1AE-CD521AD531BC} = {62870338-C5B7-442A-9B2E-204F5BD06240}
		{11D8A610-572E-4C4E-A75B-F10EAAEE2765} = {62870338-C5B7-442A-9B2E-204F5BD06240}
		{F57629EC-30EC-4E31-863E-D6F5A5E17B22} = {62870338-C5B7-442A-9B2E-204F5BD06240}
		{AC0F66B6-34A2-49D1-A2EE-985375A3C09E} = {8845CC86-5BD5-45B7-8B45-B97EBDAD0DB4}
		{6D9AD0C5-8A23-416F-B4DA-9C2249F53EAB} = {8845CC86-5BD5-45B7-8B45-B97EBDAD0DB4}
		{277089F4-8CE0-48E4-BA53-AB1327DBF67D} = {8845CC86-5BD5-45B7-8B45-B97EBDAD0DB4}
		{4993F8FF-0136-4C82-ACA4-954A8B712144} = {8845CC86-5BD5-45B7-8B45-B97EBDAD0DB4}
		{40460DF1-DC6A-44B5-8362-1463AB85F71F} = {CA9D7F31-8326-4415-8260-38AFB0CAB5EC}
		{7AA5695E-9DB9-4770-AEEF-EA8AB2A0CA34} = {2E84FA91-5D77-44EE-BA1D-7F09EBCF5417}
		{C8C6D74B-FDF9-4E08-9261-74C32B510C23} = {2E84FA91-5D77-44EE-BA1D-7F09EBCF5417}
		{D73786FE-69D0-4B49-8508-054B6F4BC793} = {47A84269-9061-4ADB-B7C1-F174D36EE54A}
		{AD3CD185-7A72-42CC-BAC9-979E7805036C} = {47A84269-9061-4ADB-B7C1-F174D36EE54A}
		{DF09C099-5557-42D2-B58E-BF1DF600A498} = {70AA63A3-2BC1-46C3-9FCB-7A56D68836B1}
		{03333129-28DE-4A77-8B38-6EF5A2C7ED35} = {47A84269-9061-4ADB-B7C1-F174D36EE54A}
	EndGlobalSection
EndGlobal
